PODS:
  - AEXML (4.5.0)
  - RxCocoa (5.1.1):
    - RxRelay (~> 5)
    - RxSwift (~> 5)
  - RxEpub (0.0.4):
    - AEXML
    - RxCocoa
    - RxSwift
    - SSZipArchive
  - RxRelay (5.1.1):
    - RxSwift (~> 5)
  - RxSwift (5.1.1)
  - SSZipArchive (2.2.3)

DEPENDENCIES:
  - RxEpub (from `../`)

SPEC REPOS:
  trunk:
    - AEXML
    - RxCocoa
    - RxRelay
    - RxSwift
    - SSZipArchive

EXTERNAL SOURCES:
  RxEpub:
    :path: "../"

SPEC CHECKSUMS:
  AEXML: 0e8f1d874fa033ca6b3909452a8bc362faad46e6
  RxCocoa: 32065309a38d29b5b0db858819b5bf9ef038b601
  RxEpub: 92c6190814b8b7f72726d417daa1cb5daa4ae2d8
  RxRelay: d77f7d771495f43c556cbc43eebd1bb54d01e8e9
  RxSwift: 81470a2074fa8780320ea5fe4102807cb7118178
  SSZipArchive: 62d4947b08730e4cda640473b0066d209ff033c9

PODFILE CHECKSUM: 16383607c871a4566a18fb9b6571630264f6c46a

COCOAPODS: 1.9.3
